
Microsoft Visual Studio Solution File, Format Version 12.00
# Visual Studio Version 17
VisualStudioVersion = 17.6.33829.357
MinimumVisualStudioVersion = 10.0.40219.1
Project("{2150E333-8FDC-42A3-9474-1A3956D46DE8}") = "Solution Items", "Solution Items", "{5A1C2714-6A0D-4A87-8E70-7004E57971B4}"
	ProjectSection(SolutionItems) = preProject
		.editorconfig = .editorconfig
		PackageDiagram.mdpuml = PackageDiagram.mdpuml
		README.md = README.md
	EndProjectSection
EndProject
Project("{9A19103F-16F7-4668-BE54-9A1E7A4F7556}") = "Application", "CommandLineReimagined\Application.csproj", "{4B704666-51A9-47F0-B297-75058E238AE0}"
EndProject
Project("{9A19103F-16F7-4668-BE54-9A1E7A4F7556}") = "EntityComponentSystem", "EntityComponentSystem\EntityComponentSystem.csproj", "{E780D219-BD54-402F-979B-AC8719E774BE}"
EndProject
Project("{9A19103F-16F7-4668-BE54-9A1E7A4F7556}") = "Rendering", "Rendering\Rendering.csproj", "{7E4DB4F9-BB3B-4541-9E1F-669573038C42}"
EndProject
Project("{9A19103F-16F7-4668-BE54-9A1E7A4F7556}") = "Commands", "Commands\Commands.csproj", "{900E84A3-3C6B-4899-9E7E-2B9C88ACA2F3}"
EndProject
Project("{9A19103F-16F7-4668-BE54-9A1E7A4F7556}") = "Terminal", "CommandLine\Terminal.csproj", "{BF3EA89E-02DE-47C4-BBA2-6DB46A0B025C}"
EndProject
Project("{9A19103F-16F7-4668-BE54-9A1E7A4F7556}") = "UIComponents", "VisualInterface\UIComponents.csproj", "{53CAF118-5E21-4F84-995E-61AB89301C05}"
EndProject
Project("{9A19103F-16F7-4668-BE54-9A1E7A4F7556}") = "Utils", "Utils\Utils.csproj", "{98FA9596-1A9E-4E30-AC58-ED4E37ACB8EA}"
EndProject
Project("{9A19103F-16F7-4668-BE54-9A1E7A4F7556}") = "RayCasting", "RayCasting\RayCasting.csproj", "{7CB7B361-E3DF-46DC-A227-FF3BFC060EDD}"
EndProject
Project("{9A19103F-16F7-4668-BE54-9A1E7A4F7556}") = "Interaction", "InteractionLogic\Interaction.csproj", "{F233B193-4518-4DBA-AD7C-8739CDF8090C}"
EndProject
Project("{2150E333-8FDC-42A3-9474-1A3956D46DE8}") = "App", "App", "{B3676750-0B13-4856-9F94-103052288461}"
EndProject
Project("{2150E333-8FDC-42A3-9474-1A3956D46DE8}") = "Framework", "Framework", "{72877AF3-F1F2-4B12-B1BC-45D0B480947E}"
EndProject
Project("{2150E333-8FDC-42A3-9474-1A3956D46DE8}") = "CommandLine", "CommandLine", "{F6AAD374-695B-4CCD-A41F-F3CA0C772FB0}"
EndProject
Project("{2150E333-8FDC-42A3-9474-1A3956D46DE8}") = "Visual", "Visual", "{FD587272-78F1-43CB-9D0B-073C24E250C4}"
EndProject
Project("{9A19103F-16F7-4668-BE54-9A1E7A4F7556}") = "Terminal.Tests", "Terminal.Tests\Terminal.Tests.csproj", "{0D669BA9-DDD5-4517-80D5-928F19C65328}"
EndProject
Project("{9A19103F-16F7-4668-BE54-9A1E7A4F7556}") = "Utils.Tests", "Utils.Tests\Utils.Tests.csproj", "{BB52CBE1-34AF-45E7-BE8D-3F9566E300B8}"
EndProject
Project("{2150E333-8FDC-42A3-9474-1A3956D46DE8}") = "Coordination", "Coordination", "{1E8768B0-12CE-4B33-B38A-1532C04D6B44}"
EndProject
Project("{9A19103F-16F7-4668-BE54-9A1E7A4F7556}") = "Controller", "Controller\Controller.csproj", "{64231F59-0116-4C2D-BCEE-897B0580FD3B}"
EndProject
Project("{9A19103F-16F7-4668-BE54-9A1E7A4F7556}") = "SourceGenerators", "SourceGenerators\SourceGenerators.csproj", "{B5261020-69B6-4907-B012-E303A9DD19D2}"
EndProject
Project("{9A19103F-16F7-4668-BE54-9A1E7A4F7556}") = "SourceGenerators.Tests", "SourceGenerators.Tests\SourceGenerators.Tests.csproj", "{BD82F332-3DE9-4CF1-9A3B-AAC0161C276E}"
EndProject
Project("{9A19103F-16F7-4668-BE54-9A1E7A4F7556}") = "EntityComponentSystem.Tests", "EntityComponentSystem.Tests\EntityComponentSystem.Tests.csproj", "{C05A58BD-E316-4318-B9AC-FF2DAC0366B1}"
EndProject
Project("{FAE04EC0-301F-11D3-BF4B-00C04F79EFBC}") = "Rendering.Tests", "Rendering.Tests\Rendering.Tests.csproj", "{B615CC6F-34E3-46C4-B187-CF5B53465583}"
EndProject
Global
	GlobalSection(SolutionConfigurationPlatforms) = preSolution
		Debug|Any CPU = Debug|Any CPU
		Release|Any CPU = Release|Any CPU
	EndGlobalSection
	GlobalSection(ProjectConfigurationPlatforms) = postSolution
		{4B704666-51A9-47F0-B297-75058E238AE0}.Debug|Any CPU.ActiveCfg = Debug|Any CPU
		{4B704666-51A9-47F0-B297-75058E238AE0}.Debug|Any CPU.Build.0 = Debug|Any CPU
		{4B704666-51A9-47F0-B297-75058E238AE0}.Release|Any CPU.ActiveCfg = Release|Any CPU
		{4B704666-51A9-47F0-B297-75058E238AE0}.Release|Any CPU.Build.0 = Release|Any CPU
		{E780D219-BD54-402F-979B-AC8719E774BE}.Debug|Any CPU.ActiveCfg = Debug|Any CPU
		{E780D219-BD54-402F-979B-AC8719E774BE}.Debug|Any CPU.Build.0 = Debug|Any CPU
		{E780D219-BD54-402F-979B-AC8719E774BE}.Release|Any CPU.ActiveCfg = Release|Any CPU
		{E780D219-BD54-402F-979B-AC8719E774BE}.Release|Any CPU.Build.0 = Release|Any CPU
		{7E4DB4F9-BB3B-4541-9E1F-669573038C42}.Debug|Any CPU.ActiveCfg = Debug|Any CPU
		{7E4DB4F9-BB3B-4541-9E1F-669573038C42}.Debug|Any CPU.Build.0 = Debug|Any CPU
		{7E4DB4F9-BB3B-4541-9E1F-669573038C42}.Release|Any CPU.ActiveCfg = Release|Any CPU
		{7E4DB4F9-BB3B-4541-9E1F-669573038C42}.Release|Any CPU.Build.0 = Release|Any CPU
		{900E84A3-3C6B-4899-9E7E-2B9C88ACA2F3}.Debug|Any CPU.ActiveCfg = Debug|Any CPU
		{900E84A3-3C6B-4899-9E7E-2B9C88ACA2F3}.Debug|Any CPU.Build.0 = Debug|Any CPU
		{900E84A3-3C6B-4899-9E7E-2B9C88ACA2F3}.Release|Any CPU.ActiveCfg = Release|Any CPU
		{900E84A3-3C6B-4899-9E7E-2B9C88ACA2F3}.Release|Any CPU.Build.0 = Release|Any CPU
		{BF3EA89E-02DE-47C4-BBA2-6DB46A0B025C}.Debug|Any CPU.ActiveCfg = Debug|Any CPU
		{BF3EA89E-02DE-47C4-BBA2-6DB46A0B025C}.Debug|Any CPU.Build.0 = Debug|Any CPU
		{BF3EA89E-02DE-47C4-BBA2-6DB46A0B025C}.Release|Any CPU.ActiveCfg = Release|Any CPU
		{BF3EA89E-02DE-47C4-BBA2-6DB46A0B025C}.Release|Any CPU.Build.0 = Release|Any CPU
		{53CAF118-5E21-4F84-995E-61AB89301C05}.Debug|Any CPU.ActiveCfg = Debug|Any CPU
		{53CAF118-5E21-4F84-995E-61AB89301C05}.Debug|Any CPU.Build.0 = Debug|Any CPU
		{53CAF118-5E21-4F84-995E-61AB89301C05}.Release|Any CPU.ActiveCfg = Release|Any CPU
		{53CAF118-5E21-4F84-995E-61AB89301C05}.Release|Any CPU.Build.0 = Release|Any CPU
		{98FA9596-1A9E-4E30-AC58-ED4E37ACB8EA}.Debug|Any CPU.ActiveCfg = Debug|Any CPU
		{98FA9596-1A9E-4E30-AC58-ED4E37ACB8EA}.Debug|Any CPU.Build.0 = Debug|Any CPU
		{98FA9596-1A9E-4E30-AC58-ED4E37ACB8EA}.Release|Any CPU.ActiveCfg = Release|Any CPU
		{98FA9596-1A9E-4E30-AC58-ED4E37ACB8EA}.Release|Any CPU.Build.0 = Release|Any CPU
		{7CB7B361-E3DF-46DC-A227-FF3BFC060EDD}.Debug|Any CPU.ActiveCfg = Debug|Any CPU
		{7CB7B361-E3DF-46DC-A227-FF3BFC060EDD}.Debug|Any CPU.Build.0 = Debug|Any CPU
		{7CB7B361-E3DF-46DC-A227-FF3BFC060EDD}.Release|Any CPU.ActiveCfg = Release|Any CPU
		{7CB7B361-E3DF-46DC-A227-FF3BFC060EDD}.Release|Any CPU.Build.0 = Release|Any CPU
		{F233B193-4518-4DBA-AD7C-8739CDF8090C}.Debug|Any CPU.ActiveCfg = Debug|Any CPU
		{F233B193-4518-4DBA-AD7C-8739CDF8090C}.Debug|Any CPU.Build.0 = Debug|Any CPU
		{F233B193-4518-4DBA-AD7C-8739CDF8090C}.Release|Any CPU.ActiveCfg = Release|Any CPU
		{F233B193-4518-4DBA-AD7C-8739CDF8090C}.Release|Any CPU.Build.0 = Release|Any CPU
		{0D669BA9-DDD5-4517-80D5-928F19C65328}.Debug|Any CPU.ActiveCfg = Debug|Any CPU
		{0D669BA9-DDD5-4517-80D5-928F19C65328}.Debug|Any CPU.Build.0 = Debug|Any CPU
		{0D669BA9-DDD5-4517-80D5-928F19C65328}.Release|Any CPU.ActiveCfg = Release|Any CPU
		{0D669BA9-DDD5-4517-80D5-928F19C65328}.Release|Any CPU.Build.0 = Release|Any CPU
		{BB52CBE1-34AF-45E7-BE8D-3F9566E300B8}.Debug|Any CPU.ActiveCfg = Debug|Any CPU
		{BB52CBE1-34AF-45E7-BE8D-3F9566E300B8}.Debug|Any CPU.Build.0 = Debug|Any CPU
		{BB52CBE1-34AF-45E7-BE8D-3F9566E300B8}.Release|Any CPU.ActiveCfg = Release|Any CPU
		{BB52CBE1-34AF-45E7-BE8D-3F9566E300B8}.Release|Any CPU.Build.0 = Release|Any CPU
		{64231F59-0116-4C2D-BCEE-897B0580FD3B}.Debug|Any CPU.ActiveCfg = Debug|Any CPU
		{64231F59-0116-4C2D-BCEE-897B0580FD3B}.Debug|Any CPU.Build.0 = Debug|Any CPU
		{64231F59-0116-4C2D-BCEE-897B0580FD3B}.Release|Any CPU.ActiveCfg = Release|Any CPU
		{64231F59-0116-4C2D-BCEE-897B0580FD3B}.Release|Any CPU.Build.0 = Release|Any CPU
		{B5261020-69B6-4907-B012-E303A9DD19D2}.Debug|Any CPU.ActiveCfg = Debug|Any CPU
		{B5261020-69B6-4907-B012-E303A9DD19D2}.Debug|Any CPU.Build.0 = Debug|Any CPU
		{B5261020-69B6-4907-B012-E303A9DD19D2}.Release|Any CPU.ActiveCfg = Release|Any CPU
		{B5261020-69B6-4907-B012-E303A9DD19D2}.Release|Any CPU.Build.0 = Release|Any CPU
		{BD82F332-3DE9-4CF1-9A3B-AAC0161C276E}.Debug|Any CPU.ActiveCfg = Debug|Any CPU
		{BD82F332-3DE9-4CF1-9A3B-AAC0161C276E}.Debug|Any CPU.Build.0 = Debug|Any CPU
		{BD82F332-3DE9-4CF1-9A3B-AAC0161C276E}.Release|Any CPU.ActiveCfg = Release|Any CPU
		{BD82F332-3DE9-4CF1-9A3B-AAC0161C276E}.Release|Any CPU.Build.0 = Release|Any CPU
		{C05A58BD-E316-4318-B9AC-FF2DAC0366B1}.Debug|Any CPU.ActiveCfg = Debug|Any CPU
		{C05A58BD-E316-4318-B9AC-FF2DAC0366B1}.Debug|Any CPU.Build.0 = Debug|Any CPU
		{C05A58BD-E316-4318-B9AC-FF2DAC0366B1}.Release|Any CPU.ActiveCfg = Release|Any CPU
		{C05A58BD-E316-4318-B9AC-FF2DAC0366B1}.Release|Any CPU.Build.0 = Release|Any CPU
		{B615CC6F-34E3-46C4-B187-CF5B53465583}.Debug|Any CPU.ActiveCfg = Debug|Any CPU
		{B615CC6F-34E3-46C4-B187-CF5B53465583}.Debug|Any CPU.Build.0 = Debug|Any CPU
		{B615CC6F-34E3-46C4-B187-CF5B53465583}.Release|Any CPU.ActiveCfg = Release|Any CPU
		{B615CC6F-34E3-46C4-B187-CF5B53465583}.Release|Any CPU.Build.0 = Release|Any CPU
	EndGlobalSection
	GlobalSection(SolutionProperties) = preSolution
		HideSolutionNode = FALSE
	EndGlobalSection
	GlobalSection(NestedProjects) = preSolution
		{4B704666-51A9-47F0-B297-75058E238AE0} = {B3676750-0B13-4856-9F94-103052288461}
		{E780D219-BD54-402F-979B-AC8719E774BE} = {72877AF3-F1F2-4B12-B1BC-45D0B480947E}
		{7E4DB4F9-BB3B-4541-9E1F-669573038C42} = {FD587272-78F1-43CB-9D0B-073C24E250C4}
		{900E84A3-3C6B-4899-9E7E-2B9C88ACA2F3} = {F6AAD374-695B-4CCD-A41F-F3CA0C772FB0}
		{BF3EA89E-02DE-47C4-BBA2-6DB46A0B025C} = {F6AAD374-695B-4CCD-A41F-F3CA0C772FB0}
		{53CAF118-5E21-4F84-995E-61AB89301C05} = {FD587272-78F1-43CB-9D0B-073C24E250C4}
		{98FA9596-1A9E-4E30-AC58-ED4E37ACB8EA} = {72877AF3-F1F2-4B12-B1BC-45D0B480947E}
		{7CB7B361-E3DF-46DC-A227-FF3BFC060EDD} = {FD587272-78F1-43CB-9D0B-073C24E250C4}
		{F233B193-4518-4DBA-AD7C-8739CDF8090C} = {B3676750-0B13-4856-9F94-103052288461}
		{0D669BA9-DDD5-4517-80D5-928F19C65328} = {F6AAD374-695B-4CCD-A41F-F3CA0C772FB0}
		{BB52CBE1-34AF-45E7-BE8D-3F9566E300B8} = {72877AF3-F1F2-4B12-B1BC-45D0B480947E}
		{64231F59-0116-4C2D-BCEE-897B0580FD3B} = {1E8768B0-12CE-4B33-B38A-1532C04D6B44}
		{B5261020-69B6-4907-B012-E303A9DD19D2} = {72877AF3-F1F2-4B12-B1BC-45D0B480947E}
		{BD82F332-3DE9-4CF1-9A3B-AAC0161C276E} = {72877AF3-F1F2-4B12-B1BC-45D0B480947E}
		{C05A58BD-E316-4318-B9AC-FF2DAC0366B1} = {72877AF3-F1F2-4B12-B1BC-45D0B480947E}
		{B615CC6F-34E3-46C4-B187-CF5B53465583} = {FD587272-78F1-43CB-9D0B-073C24E250C4}
	EndGlobalSection
	GlobalSection(ExtensibilityGlobals) = postSolution
		SolutionGuid = {056E4B17-91F5-4EEC-9FFD-358352086A05}
	EndGlobalSection
EndGlobal
